
Microsoft Visual Studio Solution File, Format Version 12.00
# Visual Studio Version 17
VisualStudioVersion = 17.0.31410.414
MinimumVisualStudioVersion = 10.0.40219.1
Project("{FAE04EC0-301F-11D3-BF4B-00C04F79EFBC}") = "WslSdk", "WslSdk\WslSdk.csproj", "{D7F307D4-173B-4440-AB23-71795BF66CFA}"
EndProject
Project("{FAE04EC0-301F-11D3-BF4B-00C04F79EFBC}") = "WslSdk.Test", "WslSdk.Test\WslSdk.Test.csproj", "{F5EA3F3A-3379-47F5-AA5A-03F0BA61A7B3}"
EndProject
Global
	GlobalSection(SolutionConfigurationPlatforms) = preSolution
		Debug|x64 = Debug|x64
		Release|x64 = Release|x64
	EndGlobalSection
	GlobalSection(ProjectConfigurationPlatforms) = postSolution
		{D7F307D4-173B-4440-AB23-71795BF66CFA}.Debug|x64.ActiveCfg = Debug|x64
		{D7F307D4-173B-4440-AB23-71795BF66CFA}.Debug|x64.Build.0 = Debug|x64
		{D7F307D4-173B-4440-AB23-71795BF66CFA}.Release|x64.ActiveCfg = Release|x64
		{D7F307D4-173B-4440-AB23-71795BF66CFA}.Release|x64.Build.0 = Release|x64
		{F5EA3F3A-3379-47F5-AA5A-03F0BA61A7B3}.Debug|x64.ActiveCfg = Debug|x64
		{F5EA3F3A-3379-47F5-AA5A-03F0BA61A7B3}.Debug|x64.Build.0 = Debug|x64
		{F5EA3F3A-3379-47F5-AA5A-03F0BA61A7B3}.Release|x64.ActiveCfg = Release|x64
		{F5EA3F3A-3379-47F5-AA5A-03F0BA61A7B3}.Release|x64.Build.0 = Release|x64
	EndGlobalSection
	GlobalSection(SolutionProperties) = preSolution
		HideSolutionNode = FALSE
	EndGlobalSection
	GlobalSection(ExtensibilityGlobals) = postSolution
		SolutionGuid = {BBB08AF1-7A80-4E91-895A-0424B5B31D76}
	EndGlobalSection
EndGlobal
